
Microsoft Visual Studio Solution File, Format Version 12.00
# Visual Studio 15
VisualStudioVersion = 15.0.28307.489
MinimumVisualStudioVersion = 10.0.40219.1
Project("{9A19103F-16F7-4668-BE54-9A1E7A4F7556}") = "HttpSignature.Client.Tests", "HttpSignature.Client.Tests\HttpSignature.Client.Tests.csproj", "{568D2061-C9F4-41F3-9E0E-FE8E760693D7}"
EndProject
Project("{9A19103F-16F7-4668-BE54-9A1E7A4F7556}") = "HttpSignature.Client", "HttpSignature.Client\HttpSignature.Client.csproj", "{D458B996-023D-4053-B1C9-0B538D77B086}"
EndProject
Global
	GlobalSection(SolutionConfigurationPlatforms) = preSolution
		Debug|Any CPU = Debug|Any CPU
		Release|Any CPU = Release|Any CPU
	EndGlobalSection
	GlobalSection(ProjectConfigurationPlatforms) = postSolution
		{568D2061-C9F4-41F3-9E0E-FE8E760693D7}.Debug|Any CPU.ActiveCfg = Debug|Any CPU
		{568D2061-C9F4-41F3-9E0E-FE8E760693D7}.Debug|Any CPU.Build.0 = Debug|Any CPU
		{568D2061-C9F4-41F3-9E0E-FE8E760693D7}.Release|Any CPU.ActiveCfg = Release|Any CPU
		{568D2061-C9F4-41F3-9E0E-FE8E760693D7}.Release|Any CPU.Build.0 = Release|Any CPU
		{D458B996-023D-4053-B1C9-0B538D77B086}.Debug|Any CPU.ActiveCfg = Debug|Any CPU
		{D458B996-023D-4053-B1C9-0B538D77B086}.Debug|Any CPU.Build.0 = Debug|Any CPU
		{D458B996-023D-4053-B1C9-0B538D77B086}.Release|Any CPU.ActiveCfg = Release|Any CPU
		{D458B996-023D-4053-B1C9-0B538D77B086}.Release|Any CPU.Build.0 = Release|Any CPU
	EndGlobalSection
	GlobalSection(SolutionProperties) = preSolution
		HideSolutionNode = FALSE
	EndGlobalSection
	GlobalSection(ExtensibilityGlobals) = postSolution
		SolutionGuid = {3AFE2A9F-2318-4882-BA2F-8B2DEF13DD59}
	EndGlobalSection
EndGlobal
